
Microsoft Visual Studio Solution File, Format Version 12.00
# Visual Studio Version 17
VisualStudioVersion = 17.7.34031.279
MinimumVisualStudioVersion = 10.0.40219.1
Project("{FAE04EC0-301F-11D3-BF4B-00C04F79EFBC}") = "Week6StringsAndArrays", "Week6StringsAndArrays\Week6StringsAndArrays.csproj", "{263251BB-5E07-4866-AEF5-A910E94026F0}"
EndProject
Project("{FAE04EC0-301F-11D3-BF4B-00C04F79EFBC}") = "Arrays", "Arrays\Arrays.csproj", "{99417765-9087-42CD-AF97-CCB56A8503A4}"
EndProject
Project("{FAE04EC0-301F-11D3-BF4B-00C04F79EFBC}") = "NumberArray", "NumberArray\NumberArray.csproj", "{BAC642C3-EEE8-4178-82AD-BC134FA7FC80}"
EndProject
Project("{FAE04EC0-301F-11D3-BF4B-00C04F79EFBC}") = "RandomElement", "RandomElement\RandomElement.csproj", "{FB8E71FA-9B7A-47DD-800D-0BEEE003D030}"
EndProject
Global
	GlobalSection(SolutionConfigurationPlatforms) = preSolution
		Debug|Any CPU = Debug|Any CPU
		Release|Any CPU = Release|Any CPU
	EndGlobalSection
	GlobalSection(ProjectConfigurationPlatforms) = postSolution
		{263251BB-5E07-4866-AEF5-A910E94026F0}.Debug|Any CPU.ActiveCfg = Debug|Any CPU
		{263251BB-5E07-4866-AEF5-A910E94026F0}.Debug|Any CPU.Build.0 = Debug|Any CPU
		{263251BB-5E07-4866-AEF5-A910E94026F0}.Release|Any CPU.ActiveCfg = Release|Any CPU
		{263251BB-5E07-4866-AEF5-A910E94026F0}.Release|Any CPU.Build.0 = Release|Any CPU
		{99417765-9087-42CD-AF97-CCB56A8503A4}.Debug|Any CPU.ActiveCfg = Debug|Any CPU
		{99417765-9087-42CD-AF97-CCB56A8503A4}.Debug|Any CPU.Build.0 = Debug|Any CPU
		{99417765-9087-42CD-AF97-CCB56A8503A4}.Release|Any CPU.ActiveCfg = Release|Any CPU
		{99417765-9087-42CD-AF97-CCB56A8503A4}.Release|Any CPU.Build.0 = Release|Any CPU
		{BAC642C3-EEE8-4178-82AD-BC134FA7FC80}.Debug|Any CPU.ActiveCfg = Debug|Any CPU
		{BAC642C3-EEE8-4178-82AD-BC134FA7FC80}.Debug|Any CPU.Build.0 = Debug|Any CPU
		{BAC642C3-EEE8-4178-82AD-BC134FA7FC80}.Release|Any CPU.ActiveCfg = Release|Any CPU
		{BAC642C3-EEE8-4178-82AD-BC134FA7FC80}.Release|Any CPU.Build.0 = Release|Any CPU
		{FB8E71FA-9B7A-47DD-800D-0BEEE003D030}.Debug|Any CPU.ActiveCfg = Debug|Any CPU
		{FB8E71FA-9B7A-47DD-800D-0BEEE003D030}.Debug|Any CPU.Build.0 = Debug|Any CPU
		{FB8E71FA-9B7A-47DD-800D-0BEEE003D030}.Release|Any CPU.ActiveCfg = Release|Any CPU
		{FB8E71FA-9B7A-47DD-800D-0BEEE003D030}.Release|Any CPU.Build.0 = Release|Any CPU
	EndGlobalSection
	GlobalSection(SolutionProperties) = preSolution
		HideSolutionNode = FALSE
	EndGlobalSection
	GlobalSection(ExtensibilityGlobals) = postSolution
		SolutionGuid = {0F9FC220-F1FF-44DF-9E9D-765E833E57D3}
	EndGlobalSection
EndGlobal
